{
    "_readme": [
        "This file locks the dependencies of your project to a known state",
        "Read more about it at https://getcomposer.org/doc/01-basic-usage.md#composer-lock-the-lock-file",
        "This file is @generated automatically"
    ],
    "content-hash": "b44c9e916f4fa3d3262bceca5fd676f9",
    "packages": [
        {
            "name": "mexitek/phpcolors",
            "version": "v0.4",
            "source": {
                "type": "git",
                "url": "https://github.com/mexitek/phpColors.git",
                "reference": "89bf30473a68dc8845e46e9db3e536b969e18c11"
            },
            "dist": {
                "type": "zip",
                "url": "https://api.github.com/repos/mexitek/phpColors/zipball/89bf30473a68dc8845e46e9db3e536b969e18c11",
                "reference": "89bf30473a68dc8845e46e9db3e536b969e18c11",
                "shasum": ""
            },
            "require": {
                "php": ">=5.3.0"
            },
            "type": "library",
            "autoload": {
                "classmap": [
                    "src"
                ]
            },
            "notification-url": "https://packagist.org/downloads/",
            "license": [
                "MIT"
            ],
            "authors": [
                {
                    "name": "Arlo Carreon",
                    "homepage": "http://arlocarreon.com",
                    "role": "creator"
                }
            ],
            "description": "A series of methods that let you manipulate colors. Just incase you ever need different shades of one color on the fly.",
            "homepage": "http://mexitek.github.com/phpColors/",
            "keywords": [
                "color",
                "css",
                "design",
                "frontend",
                "ui"
            ],
            "time": "2015-09-09T15:43:06+00:00"
        }
    ],
    "packages-dev": [],
    "aliases": [],
    "minimum-stability": "stable",
    "stability-flags": [],
    "prefer-stable": false,
    "prefer-lowest": false,
    "platform": [],
    "platform-dev": []
}
